// !$*UTF8*$!
{
	archiveVersion = 1;
	classes = {
	};
	objectVersion = 77;
	objects = {

/* Begin PBXBuildFile section */
		93A0B7AE2FE0433100751D55 /* Assets.xcassets in Resources */ = {isa = PBXBuildFile; fileRef = 93A0B7AA2FE0433100751D55 /* Assets.xcassets */; };
		93A0B7B02FE0433100751D55 /* LivitaTaskApp.swift in Sources */ = {isa = PBXBuildFile; fileRef = 93A0B7AC2FE0433100751D55 /* LivitaTaskApp.swift */; };
		93A0B7B62FE0435500751D55 /* RouterVM.swift in Sources */ = {isa = PBXBuildFile; fileRef = 93A0B7B52FE0435500751D55 /* RouterVM.swift */; };
		93A0B7B82FE0438500751D55 /* ScreenEnum.swift in Sources */ = {isa = PBXBuildFile; fileRef = 93A0B7B72FE0438500751D55 /* ScreenEnum.swift */; };
		93A0B7BA2FE046A700751D55 /* LinearGradientEnum.swift in Sources */ = {isa = PBXBuildFile; fileRef = 93A0B7B92FE046A700751D55 /* LinearGradientEnum.swift */; };
		93A0B7BC2FE0477600751D55 /* ColorEnum.swift in Sources */ = {isa = PBXBuildFile; fileRef = 93A0B7BB2FE0477600751D55 /* ColorEnum.swift */; };
		93A0B7BE2FE049C800751D55 /* TopBarNavigationComponent.swift in Sources */ = {isa = PBXBuildFile; fileRef = 93A0B7BD2FE049C800751D55 /* TopBarNavigationComponent.swift */; };
		93A0B7C02FE04A4D00751D55 /* FontEnum.swift in Sources */ = {isa = PBXBuildFile; fileRef = 93A0B7BF2FE04A4D00751D55 /* FontEnum.swift */; };
		93A0B7C22FE04DA700751D55 /* RootRouter.swift in Sources */ = {isa = PBXBuildFile; fileRef = 93A0B7C12FE04DA700751D55 /* RootRouter.swift */; };
		93A0B7C42FE04E6100751D55 /* ToolsView.swift in Sources */ = {isa = PBXBuildFile; fileRef = 93A0B7C32FE04E6100751D55 /* ToolsView.swift */; };
		93A0B7C62FE04E6C00751D55 /* GalleryView.swift in Sources */ = {isa = PBXBuildFile; fileRef = 93A0B7C52FE04E6C00751D55 /* GalleryView.swift */; };
		93A0B7C82FE04E7200751D55 /* DiscoverView.swift in Sources */ = {isa = PBXBuildFile; fileRef = 93A0B7C72FE04E7200751D55 /* DiscoverView.swift */; };
		93A0B7CA2FE04F0A00751D55 /* IconEnum.swift in Sources */ = {isa = PBXBuildFile; fileRef = 93A0B7C92FE04F0A00751D55 /* IconEnum.swift */; };
		93A0B7CC2FE04FBB00751D55 /* NavigationBarComponent.swift in Sources */ = {isa = PBXBuildFile; fileRef = 93A0B7CB2FE04FBB00751D55 /* NavigationBarComponent.swift */; };
		93A0B7CF2FE061C800751D55 /* DesignModel.swift in Sources */ = {isa = PBXBuildFile; fileRef = 93A0B7CE2FE061C800751D55 /* DesignModel.swift */; };
		93A0B7D12FE0623200751D55 /* GlobalConstant.swift in Sources */ = {isa = PBXBuildFile; fileRef = 93A0B7D02FE0623200751D55 /* GlobalConstant.swift */; };
		93A0B7D32FE0668300751D55 /* ToolsCardComponent.swift in Sources */ = {isa = PBXBuildFile; fileRef = 93A0B7D22FE0668300751D55 /* ToolsCardComponent.swift */; };
		93A0B7D52FE06D1700751D55 /* SketchToRenderView.swift in Sources */ = {isa = PBXBuildFile; fileRef = 93A0B7D42FE06D1700751D55 /* SketchToRenderView.swift */; };
/* End PBXBuildFile section */

/* Begin PBXFileReference section */
		93A0B79B2FE042DA00751D55 /* LivitaTask.app */ = {isa = PBXFileReference; explicitFileType = wrapper.application; includeInIndex = 0; path = LivitaTask.app; sourceTree = BUILT_PRODUCTS_DIR; };
		93A0B7AA2FE0433100751D55 /* Assets.xcassets */ = {isa = PBXFileReference; lastKnownFileType = folder.assetcatalog; path = Assets.xcassets; sourceTree = "<group>"; };
		93A0B7AC2FE0433100751D55 /* LivitaTaskApp.swift */ = {isa = PBXFileReference; lastKnownFileType = sourcecode.swift; path = LivitaTaskApp.swift; sourceTree = "<group>"; };
		93A0B7B52FE0435500751D55 /* RouterVM.swift */ = {isa = PBXFileReference; lastKnownFileType = sourcecode.swift; path = RouterVM.swift; sourceTree = "<group>"; };
		93A0B7B72FE0438500751D55 /* ScreenEnum.swift */ = {isa = PBXFileReference; lastKnownFileType = sourcecode.swift; path = ScreenEnum.swift; sourceTree = "<group>"; };
		93A0B7B92FE046A700751D55 /* LinearGradientEnum.swift */ = {isa = PBXFileReference; lastKnownFileType = sourcecode.swift; path = LinearGradientEnum.swift; sourceTree = "<group>"; };
		93A0B7BB2FE0477600751D55 /* ColorEnum.swift */ = {isa = PBXFileReference; lastKnownFileType = sourcecode.swift; path = ColorEnum.swift; sourceTree = "<group>"; };
		93A0B7BD2FE049C800751D55 /* TopBarNavigationComponent.swift */ = {isa = PBXFileReference; lastKnownFileType = sourcecode.swift; path = TopBarNavigationComponent.swift; sourceTree = "<group>"; };
		93A0B7BF2FE04A4D00751D55 /* FontEnum.swift */ = {isa = PBXFileReference; lastKnownFileType = sourcecode.swift; path = FontEnum.swift; sourceTree = "<group>"; };
		93A0B7C12FE04DA700751D55 /* RootRouter.swift */ = {isa = PBXFileReference; lastKnownFileType = sourcecode.swift; path = RootRouter.swift; sourceTree = "<group>"; };
		93A0B7C32FE04E6100751D55 /* ToolsView.swift */ = {isa = PBXFileReference; lastKnownFileType = sourcecode.swift; path = ToolsView.swift; sourceTree = "<group>"; };
		93A0B7C52FE04E6C00751D55 /* GalleryView.swift */ = {isa = PBXFileReference; lastKnownFileType = sourcecode.swift; path = GalleryView.swift; sourceTree = "<group>"; };
		93A0B7C72FE04E7200751D55 /* DiscoverView.swift */ = {isa = PBXFileReference; lastKnownFileType = sourcecode.swift; path = DiscoverView.swift; sourceTree = "<group>"; };
		93A0B7C92FE04F0A00751D55 /* IconEnum.swift */ = {isa = PBXFileReference; lastKnownFileType = sourcecode.swift; path = IconEnum.swift; sourceTree = "<group>"; };
		93A0B7CB2FE04FBB00751D55 /* NavigationBarComponent.swift */ = {isa = PBXFileReference; lastKnownFileType = sourcecode.swift; path = NavigationBarComponent.swift; sourceTree = "<group>"; };
		93A0B7CE2FE061C800751D55 /* DesignModel.swift */ = {isa = PBXFileReference; lastKnownFileType = sourcecode.swift; path = DesignModel.swift; sourceTree = "<group>"; };
		93A0B7D02FE0623200751D55 /* GlobalConstant.swift */ = {isa = PBXFileReference; lastKnownFileType = sourcecode.swift; path = GlobalConstant.swift; sourceTree = "<group>"; };
		93A0B7D22FE0668300751D55 /* ToolsCardComponent.swift */ = {isa = PBXFileReference; lastKnownFileType = sourcecode.swift; path = ToolsCardComponent.swift; sourceTree = "<group>"; };
		93A0B7D42FE06D1700751D55 /* SketchToRenderView.swift */ = {isa = PBXFileReference; lastKnownFileType = sourcecode.swift; path = SketchToRenderView.swift; sourceTree = "<group>"; };
/* End PBXFileReference section */

/* Begin PBXFrameworksBuildPhase section */
		93A0B7982FE042D900751D55 /* Frameworks */ = {
			isa = PBXFrameworksBuildPhase;
			buildActionMask = 2147483647;
			files = (
			);
			runOnlyForDeploymentPostprocessing = 0;
		};
/* End PBXFrameworksBuildPhase section */

/* Begin PBXGroup section */
		93A0B7922FE042D900751D55 = {
			isa = PBXGroup;
			children = (
				93A0B7AD2FE0433100751D55 /* LivitaTask */,
				93A0B79C2FE042DA00751D55 /* Products */,
			);
			sourceTree = "<group>";
		};
		93A0B79C2FE042DA00751D55 /* Products */ = {
			isa = PBXGroup;
			children = (
				93A0B79B2FE042DA00751D55 /* LivitaTask.app */,
			);
			name = Products;
			sourceTree = "<group>";
		};
		93A0B7AD2FE0433100751D55 /* LivitaTask */ = {
			isa = PBXGroup;
			children = (
				93A0B7B42FE0434400751D55 /* ViewModel */,
				93A0B7B32FE0433F00751D55 /* Component */,
				93A0B7B22FE0433A00751D55 /* View */,
				93A0B7B12FE0433500751D55 /* Model */,
				93A0B7AA2FE0433100751D55 /* Assets.xcassets */,
				93A0B7AC2FE0433100751D55 /* LivitaTaskApp.swift */,
			);
			path = LivitaTask;
			sourceTree = "<group>";
		};
		93A0B7B12FE0433500751D55 /* Model */ = {
			isa = PBXGroup;
			children = (
				93A0B7B72FE0438500751D55 /* ScreenEnum.swift */,
				93A0B7B92FE046A700751D55 /* LinearGradientEnum.swift */,
				93A0B7BB2FE0477600751D55 /* ColorEnum.swift */,
				93A0B7BF2FE04A4D00751D55 /* FontEnum.swift */,
				93A0B7C92FE04F0A00751D55 /* IconEnum.swift */,
				93A0B7CE2FE061C800751D55 /* DesignModel.swift */,
				93A0B7D02FE0623200751D55 /* GlobalConstant.swift */,
			);
			path = Model;
			sourceTree = "<group>";
		};
		93A0B7B22FE0433A00751D55 /* View */ = {
			isa = PBXGroup;
			children = (
				93A0B7CD2FE04FBF00751D55 /* Component */,
				93A0B7C12FE04DA700751D55 /* RootRouter.swift */,
				93A0B7C32FE04E6100751D55 /* ToolsView.swift */,
				93A0B7C52FE04E6C00751D55 /* GalleryView.swift */,
				93A0B7C72FE04E7200751D55 /* DiscoverView.swift */,
				93A0B7D42FE06D1700751D55 /* SketchToRenderView.swift */,
			);
			path = View;
			sourceTree = "<group>";
		};
		93A0B7B32FE0433F00751D55 /* Component */ = {
			isa = PBXGroup;
			children = (
				93A0B7BD2FE049C800751D55 /* TopBarNavigationComponent.swift */,
			);
			path = Component;
			sourceTree = "<group>";
		};
		93A0B7B42FE0434400751D55 /* ViewModel */ = {
			isa = PBXGroup;
			children = (
				93A0B7B52FE0435500751D55 /* RouterVM.swift */,
			);
			path = ViewModel;
			sourceTree = "<group>";
		};
		93A0B7CD2FE04FBF00751D55 /* Component */ = {
			isa = PBXGroup;
			children = (
				93A0B7CB2FE04FBB00751D55 /* NavigationBarComponent.swift */,
				93A0B7D22FE0668300751D55 /* ToolsCardComponent.swift */,
			);
			path = Component;
			sourceTree = "<group>";
		};
/* End PBXGroup section */

/* Begin PBXNativeTarget section */
		93A0B79A2FE042D900751D55 /* LivitaTask */ = {
			isa = PBXNativeTarget;
			buildConfigurationList = 93A0B7A62FE042DD00751D55 /* Build configuration list for PBXNativeTarget "LivitaTask" */;
			buildPhases = (
				93A0B7972FE042D900751D55 /* Sources */,
				93A0B7982FE042D900751D55 /* Frameworks */,
				93A0B7992FE042D900751D55 /* Resources */,
			);
			buildRules = (
			);
			dependencies = (
			);
			name = LivitaTask;
			packageProductDependencies = (
			);
			productName = LivitaTask;
			productReference = 93A0B79B2FE042DA00751D55 /* LivitaTask.app */;
			productType = "com.apple.product-type.application";
		};
/* End PBXNativeTarget section */

/* Begin PBXProject section */
		93A0B7932FE042D900751D55 /* Project object */ = {
			isa = PBXProject;
			attributes = {
				BuildIndependentTargetsInParallel = 1;
				LastSwiftUpdateCheck = 1630;
				LastUpgradeCheck = 1630;
				TargetAttributes = {
					93A0B79A2FE042D900751D55 = {
						CreatedOnToolsVersion = 16.3;
					};
				};
			};
			buildConfigurationList = 93A0B7962FE042D900751D55 /* Build configuration list for PBXProject "LivitaTask" */;
			developmentRegion = en;
			hasScannedForEncodings = 0;
			knownRegions = (
				en,
				Base,
			);
			mainGroup = 93A0B7922FE042D900751D55;
			minimizedProjectReferenceProxies = 1;
			preferredProjectObjectVersion = 77;
			productRefGroup = 93A0B79C2FE042DA00751D55 /* Products */;
			projectDirPath = "";
			projectRoot = "";
			targets = (
				93A0B79A2FE042D900751D55 /* LivitaTask */,
			);
		};
/* End PBXProject section */

/* Begin PBXResourcesBuildPhase section */
		93A0B7992FE042D900751D55 /* Resources */ = {
			isa = PBXResourcesBuildPhase;
			buildActionMask = 2147483647;
			files = (
				93A0B7AE2FE0433100751D55 /* Assets.xcassets in Resources */,
			);
			runOnlyForDeploymentPostprocessing = 0;
		};
/* End PBXResourcesBuildPhase section */

/* Begin PBXSourcesBuildPhase section */
		93A0B7972FE042D900751D55 /* Sources */ = {
			isa = PBXSourcesBuildPhase;
			buildActionMask = 2147483647;
			files = (
				93A0B7D52FE06D1700751D55 /* SketchToRenderView.swift in Sources */,
				93A0B7CF2FE061C800751D55 /* DesignModel.swift in Sources */,
				93A0B7D32FE0668300751D55 /* ToolsCardComponent.swift in Sources */,
				93A0B7B82FE0438500751D55 /* ScreenEnum.swift in Sources */,
				93A0B7BA2FE046A700751D55 /* LinearGradientEnum.swift in Sources */,
				93A0B7CC2FE04FBB00751D55 /* NavigationBarComponent.swift in Sources */,
				93A0B7BE2FE049C800751D55 /* TopBarNavigationComponent.swift in Sources */,
				93A0B7C42FE04E6100751D55 /* ToolsView.swift in Sources */,
				93A0B7D12FE0623200751D55 /* GlobalConstant.swift in Sources */,
				93A0B7C22FE04DA700751D55 /* RootRouter.swift in Sources */,
				93A0B7CA2FE04F0A00751D55 /* IconEnum.swift in Sources */,
				93A0B7B62FE0435500751D55 /* RouterVM.swift in Sources */,
				93A0B7C02FE04A4D00751D55 /* FontEnum.swift in Sources */,
				93A0B7C82FE04E7200751D55 /* DiscoverView.swift in Sources */,
				93A0B7C62FE04E6C00751D55 /* GalleryView.swift in Sources */,
				93A0B7BC2FE0477600751D55 /* ColorEnum.swift in Sources */,
				93A0B7B02FE0433100751D55 /* LivitaTaskApp.swift in Sources */,
			);
			runOnlyForDeploymentPostprocessing = 0;
		};
/* End PBXSourcesBuildPhase section */

/* Begin XCBuildConfiguration section */
		93A0B7A42FE042DD00751D55 /* Debug */ = {
			isa = XCBuildConfiguration;
			buildSettings = {
				ALWAYS_SEARCH_USER_PATHS = NO;
				ASSETCATALOG_COMPILER_GENERATE_SWIFT_ASSET_SYMBOL_EXTENSIONS = YES;
				CLANG_ANALYZER_NONNULL = YES;
				CLANG_ANALYZER_NUMBER_OBJECT_CONVERSION = YES_AGGRESSIVE;
				CLANG_CXX_LANGUAGE_STANDARD = "gnu++20";
				CLANG_ENABLE_MODULES = YES;
				CLANG_ENABLE_OBJC_ARC = YES;
				CLANG_ENABLE_OBJC_WEAK = YES;
				CLANG_WARN_BLOCK_CAPTURE_AUTORELEASING = YES;
				CLANG_WARN_BOOL_CONVERSION = YES;
				CLANG_WARN_COMMA = YES;
				CLANG_WARN_CONSTANT_CONVERSION = YES;
				CLANG_WARN_DEPRECATED_OBJC_IMPLEMENTATIONS = YES;
				CLANG_WARN_DIRECT_OBJC_ISA_USAGE = YES_ERROR;
				CLANG_WARN_DOCUMENTATION_COMMENTS = YES;
				CLANG_WARN_EMPTY_BODY = YES;
				CLANG_WARN_ENUM_CONVERSION = YES;
				CLANG_WARN_INFINITE_RECURSION = YES;
				CLANG_WARN_INT_CONVERSION = YES;
				CLANG_WARN_NON_LITERAL_NULL_CONVERSION = YES;
				CLANG_WARN_OBJC_IMPLICIT_RETAIN_SELF = YES;
				CLANG_WARN_OBJC_LITERAL_CONVERSION = YES;
				CLANG_WARN_OBJC_ROOT_CLASS = YES_ERROR;
				CLANG_WARN_QUOTED_INCLUDE_IN_FRAMEWORK_HEADER = YES;
				CLANG_WARN_RANGE_LOOP_ANALYSIS = YES;
				CLANG_WARN_STRICT_PROTOTYPES = YES;
				CLANG_WARN_SUSPICIOUS_MOVE = YES;
				CLANG_WARN_UNGUARDED_AVAILABILITY = YES_AGGRESSIVE;
				CLANG_WARN_UNREACHABLE_CODE = YES;
				CLANG_WARN__DUPLICATE_METHOD_MATCH = YES;
				COPY_PHASE_STRIP = NO;
				DEBUG_INFORMATION_FORMAT = dwarf;
				DEVELOPMENT_TEAM = 665W8JZLV8;
				ENABLE_STRICT_OBJC_MSGSEND = YES;
				ENABLE_TESTABILITY = YES;
				ENABLE_USER_SCRIPT_SANDBOXING = YES;
				GCC_C_LANGUAGE_STANDARD = gnu17;
				GCC_DYNAMIC_NO_PIC = NO;
				GCC_NO_COMMON_BLOCKS = YES;
				GCC_OPTIMIZATION_LEVEL = 0;
				GCC_PREPROCESSOR_DEFINITIONS = (
					"DEBUG=1",
					"$(inherited)",
				);
				GCC_WARN_64_TO_32_BIT_CONVERSION = YES;
				GCC_WARN_ABOUT_RETURN_TYPE = YES_ERROR;
				GCC_WARN_UNDECLARED_SELECTOR = YES;
				GCC_WARN_UNINITIALIZED_AUTOS = YES_AGGRESSIVE;
				GCC_WARN_UNUSED_FUNCTION = YES;
				GCC_WARN_UNUSED_VARIABLE = YES;
				IPHONEOS_DEPLOYMENT_TARGET = 18.4;
				LOCALIZATION_PREFERS_STRING_CATALOGS = YES;
				MTL_ENABLE_DEBUG_INFO = INCLUDE_SOURCE;
				MTL_FAST_MATH = YES;
				ONLY_ACTIVE_ARCH = YES;
				SDKROOT = iphoneos;
				SWIFT_ACTIVE_COMPILATION_CONDITIONS = "DEBUG $(inherited)";
				SWIFT_OPTIMIZATION_LEVEL = "-Onone";
			};
			name = Debug;
		};
		93A0B7A52FE042DD00751D55 /* Release */ = {
			isa = XCBuildConfiguration;
			buildSettings = {
				ALWAYS_SEARCH_USER_PATHS = NO;
				ASSETCATALOG_COMPILER_GENERATE_SWIFT_ASSET_SYMBOL_EXTENSIONS = YES;
				CLANG_ANALYZER_NONNULL = YES;
				CLANG_ANALYZER_NUMBER_OBJECT_CONVERSION = YES_AGGRESSIVE;
				CLANG_CXX_LANGUAGE_STANDARD = "gnu++20";
				CLANG_ENABLE_MODULES = YES;
				CLANG_ENABLE_OBJC_ARC = YES;
				CLANG_ENABLE_OBJC_WEAK = YES;
				CLANG_WARN_BLOCK_CAPTURE_AUTORELEASING = YES;
				CLANG_WARN_BOOL_CONVERSION = YES;
				CLANG_WARN_COMMA = YES;
				CLANG_WARN_CONSTANT_CONVERSION = YES;
				CLANG_WARN_DEPRECATED_OBJC_IMPLEMENTATIONS = YES;
				CLANG_WARN_DIRECT_OBJC_ISA_USAGE = YES_ERROR;
				CLANG_WARN_DOCUMENTATION_COMMENTS = YES;
				CLANG_WARN_EMPTY_BODY = YES;
				CLANG_WARN_ENUM_CONVERSION = YES;
				CLANG_WARN_INFINITE_RECURSION = YES;
				CLANG_WARN_INT_CONVERSION = YES;
				CLANG_WARN_NON_LITERAL_NULL_CONVERSION = YES;
				CLANG_WARN_OBJC_IMPLICIT_RETAIN_SELF = YES;
				CLANG_WARN_OBJC_LITERAL_CONVERSION = YES;
				CLANG_WARN_OBJC_ROOT_CLASS = YES_ERROR;
				CLANG_WARN_QUOTED_INCLUDE_IN_FRAMEWORK_HEADER = YES;
				CLANG_WARN_RANGE_LOOP_ANALYSIS = YES;
				CLANG_WARN_STRICT_PROTOTYPES = YES;
				CLANG_WARN_SUSPICIOUS_MOVE = YES;
				CLANG_WARN_UNGUARDED_AVAILABILITY = YES_AGGRESSIVE;
				CLANG_WARN_UNREACHABLE_CODE = YES;
				CLANG_WARN__DUPLICATE_METHOD_MATCH = YES;
				COPY_PHASE_STRIP = NO;
				DEBUG_INFORMATION_FORMAT = "dwarf-with-dsym";
				DEVELOPMENT_TEAM = 665W8JZLV8;
				ENABLE_NS_ASSERTIONS = NO;
				ENABLE_STRICT_OBJC_MSGSEND = YES;
				ENABLE_USER_SCRIPT_SANDBOXING = YES;
				GCC_C_LANGUAGE_STANDARD = gnu17;
				GCC_NO_COMMON_BLOCKS = YES;
				GCC_WARN_64_TO_32_BIT_CONVERSION = YES;
				GCC_WARN_ABOUT_RETURN_TYPE = YES_ERROR;
				GCC_WARN_UNDECLARED_SELECTOR = YES;
				GCC_WARN_UNINITIALIZED_AUTOS = YES_AGGRESSIVE;
				GCC_WARN_UNUSED_FUNCTION = YES;
				GCC_WARN_UNUSED_VARIABLE = YES;
				IPHONEOS_DEPLOYMENT_TARGET = 18.4;
				LOCALIZATION_PREFERS_STRING_CATALOGS = YES;
				MTL_ENABLE_DEBUG_INFO = NO;
				MTL_FAST_MATH = YES;
				SDKROOT = iphoneos;
				SWIFT_COMPILATION_MODE = wholemodule;
				VALIDATE_PRODUCT = YES;
			};
			name = Release;
		};
		93A0B7A72FE042DD00751D55 /* Debug */ = {
			isa = XCBuildConfiguration;
			buildSettings = {
				ASSETCATALOG_COMPILER_APPICON_NAME = AppIcon;
				ASSETCATALOG_COMPILER_GLOBAL_ACCENT_COLOR_NAME = AccentColor;
				CODE_SIGN_STYLE = Automatic;
				CURRENT_PROJECT_VERSION = 1;
				DEVELOPMENT_TEAM = 665W8JZLV8;
				ENABLE_PREVIEWS = YES;
				GENERATE_INFOPLIST_FILE = YES;
				INFOPLIST_KEY_UIApplicationSceneManifest_Generation = YES;
				INFOPLIST_KEY_UIApplicationSupportsIndirectInputEvents = YES;
				INFOPLIST_KEY_UILaunchScreen_Generation = YES;
				INFOPLIST_KEY_UISupportedInterfaceOrientations = UIInterfaceOrientationPortrait;
				INFOPLIST_KEY_UISupportedInterfaceOrientations_iPad = "UIInterfaceOrientationLandscapeLeft UIInterfaceOrientationLandscapeRight UIInterfaceOrientationPortrait UIInterfaceOrientationPortraitUpsideDown";
				IPHONEOS_DEPLOYMENT_TARGET = 15;
				LD_RUNPATH_SEARCH_PATHS = (
					"$(inherited)",
					"@executable_path/Frameworks",
				);
				MARKETING_VERSION = 1.0;
				PRODUCT_BUNDLE_IDENTIFIER = "vadym-v.LivitaTask";
				PRODUCT_NAME = "$(TARGET_NAME)";
				SUPPORTED_PLATFORMS = "iphoneos iphonesimulator";
				SUPPORTS_MACCATALYST = NO;
				SUPPORTS_MAC_DESIGNED_FOR_IPHONE_IPAD = NO;
				SUPPORTS_XR_DESIGNED_FOR_IPHONE_IPAD = NO;
				SWIFT_EMIT_LOC_STRINGS = YES;
				SWIFT_VERSION = 5.0;
				TARGETED_DEVICE_FAMILY = 1;
			};
			name = Debug;
		};
		93A0B7A82FE042DD00751D55 /* Release */ = {
			isa = XCBuildConfiguration;
			buildSettings = {
				ASSETCATALOG_COMPILER_APPICON_NAME = AppIcon;
				ASSETCATALOG_COMPILER_GLOBAL_ACCENT_COLOR_NAME = AccentColor;
				CODE_SIGN_STYLE = Automatic;
				CURRENT_PROJECT_VERSION = 1;
				DEVELOPMENT_TEAM = 665W8JZLV8;
				ENABLE_PREVIEWS = YES;
				GENERATE_INFOPLIST_FILE = YES;
				INFOPLIST_KEY_UIApplicationSceneManifest_Generation = YES;
				INFOPLIST_KEY_UIApplicationSupportsIndirectInputEvents = YES;
				INFOPLIST_KEY_UILaunchScreen_Generation = YES;
				INFOPLIST_KEY_UISupportedInterfaceOrientations = UIInterfaceOrientationPortrait;
				INFOPLIST_KEY_UISupportedInterfaceOrientations_iPad = "UIInterfaceOrientationLandscapeLeft UIInterfaceOrientationLandscapeRight UIInterfaceOrientationPortrait UIInterfaceOrientationPortraitUpsideDown";
				IPHONEOS_DEPLOYMENT_TARGET = 15;
				LD_RUNPATH_SEARCH_PATHS = (
					"$(inherited)",
					"@executable_path/Frameworks",
				);
				MARKETING_VERSION = 1.0;
				PRODUCT_BUNDLE_IDENTIFIER = "vadym-v.LivitaTask";
				PRODUCT_NAME = "$(TARGET_NAME)";
				SUPPORTED_PLATFORMS = "iphoneos iphonesimulator";
				SUPPORTS_MACCATALYST = NO;
				SUPPORTS_MAC_DESIGNED_FOR_IPHONE_IPAD = NO;
				SUPPORTS_XR_DESIGNED_FOR_IPHONE_IPAD = NO;
				SWIFT_EMIT_LOC_STRINGS = YES;
				SWIFT_VERSION = 5.0;
				TARGETED_DEVICE_FAMILY = 1;
			};
			name = Release;
		};
/* End XCBuildConfiguration section */

/* Begin XCConfigurationList section */
		93A0B7962FE042D900751D55 /* Build configuration list for PBXProject "LivitaTask" */ = {
			isa = XCConfigurationList;
			buildConfigurations = (
				93A0B7A42FE042DD00751D55 /* Debug */,
				93A0B7A52FE042DD00751D55 /* Release */,
			);
			defaultConfigurationIsVisible = 0;
			defaultConfigurationName = Release;
		};
		93A0B7A62FE042DD00751D55 /* Build configuration list for PBXNativeTarget "LivitaTask" */ = {
			isa = XCConfigurationList;
			buildConfigurations = (
				93A0B7A72FE042DD00751D55 /* Debug */,
				93A0B7A82FE042DD00751D55 /* Release */,
			);
			defaultConfigurationIsVisible = 0;
			defaultConfigurationName = Release;
		};
/* End XCConfigurationList section */
	};
	rootObject = 93A0B7932FE042D900751D55 /* Project object */;
}
